{
  "version": "4",
  "specifiers": {
    "npm:@google/generative-ai@*": "0.24.0"
  },
  "npm": {
    "@google/generative-ai@0.24.0": {
      "integrity": "sha512-fnEITCGEB7NdX0BhoYZ/cq/7WPZ1QS5IzJJfC3Tg/OwkvBetMiVJciyaan297OvE4B9Jg1xvo0zIazX/9sGu1Q=="
    }
  },
  "workspace": {
    "dependencies": [
      "npm:@google/generative-ai@*"
    ]
  }
}
